// !$*UTF8*$!
{
	archiveVersion = 1;
	classes = {
	};
	objectVersion = 55;
	objects = {

/* Begin PBXBuildFile section */
		8A496A7881C854D55C031878 /* Pods_githubIssueManager.framework in Frameworks */ = {isa = PBXBuildFile; fileRef = 7BE7E5F9124707F3031D0F59 /* Pods_githubIssueManager.framework */; };
		B5036233285E575A00F82C4E /* ObjectConverter.swift in Sources */ = {isa = PBXBuildFile; fileRef = B5036232285E575A00F82C4E /* ObjectConverter.swift */; };
		B5036235285E5C3E00F82C4E /* DeepLinkeRouter.swift in Sources */ = {isa = PBXBuildFile; fileRef = B5036234285E5C3E00F82C4E /* DeepLinkeRouter.swift */; };
		B5036237285F674C00F82C4E /* AuthResponse.swift in Sources */ = {isa = PBXBuildFile; fileRef = B5036236285F674C00F82C4E /* AuthResponse.swift */; };
		B503623C285F6A3500F82C4E /* MainCoordinator.swift in Sources */ = {isa = PBXBuildFile; fileRef = B503623B285F6A3500F82C4E /* MainCoordinator.swift */; };
		B503623E285F6B6400F82C4E /* IssueListViewController.swift in Sources */ = {isa = PBXBuildFile; fileRef = B503623D285F6B6400F82C4E /* IssueListViewController.swift */; };
		B5036241285F833300F82C4E /* IssueCoordinator.swift in Sources */ = {isa = PBXBuildFile; fileRef = B5036240285F833300F82C4E /* IssueCoordinator.swift */; };
		B5036243285F8A5B00F82C4E /* IssueListViewModel.swift in Sources */ = {isa = PBXBuildFile; fileRef = B5036242285F8A5B00F82C4E /* IssueListViewModel.swift */; };
		B50950BD2864368700298AE3 /* LoginViewModelTest.swift in Sources */ = {isa = PBXBuildFile; fileRef = B50950BC2864368700298AE3 /* LoginViewModelTest.swift */; };
		B50950BF28643D0500298AE3 /* authentication.json in Resources */ = {isa = PBXBuildFile; fileRef = B50950BE28643D0500298AE3 /* authentication.json */; };
		B50950C12864403300298AE3 /* AuthenticationTest.swift in Sources */ = {isa = PBXBuildFile; fileRef = B50950C02864403300298AE3 /* AuthenticationTest.swift */; };
		B53CFC5D285C23FB00C81EE3 /* AppDelegate.swift in Sources */ = {isa = PBXBuildFile; fileRef = B53CFC5C285C23FB00C81EE3 /* AppDelegate.swift */; };
		B53CFC5F285C23FB00C81EE3 /* SceneDelegate.swift in Sources */ = {isa = PBXBuildFile; fileRef = B53CFC5E285C23FB00C81EE3 /* SceneDelegate.swift */; };
		B53CFC61285C23FB00C81EE3 /* LoginViewController.swift in Sources */ = {isa = PBXBuildFile; fileRef = B53CFC60285C23FB00C81EE3 /* LoginViewController.swift */; };
		B53CFC66285C23FD00C81EE3 /* Assets.xcassets in Resources */ = {isa = PBXBuildFile; fileRef = B53CFC65285C23FD00C81EE3 /* Assets.xcassets */; };
		B53CFC69285C23FD00C81EE3 /* LaunchScreen.storyboard in Resources */ = {isa = PBXBuildFile; fileRef = B53CFC67285C23FD00C81EE3 /* LaunchScreen.storyboard */; };
		B53CFC74285C23FD00C81EE3 /* IssueListViewModelTest.swift in Sources */ = {isa = PBXBuildFile; fileRef = B53CFC73285C23FD00C81EE3 /* IssueListViewModelTest.swift */; };
		B53CFC7E285C23FD00C81EE3 /* githubIssueManagerUITests.swift in Sources */ = {isa = PBXBuildFile; fileRef = B53CFC7D285C23FD00C81EE3 /* githubIssueManagerUITests.swift */; };
		B53CFC80285C23FD00C81EE3 /* githubIssueManagerUITestsLaunchTests.swift in Sources */ = {isa = PBXBuildFile; fileRef = B53CFC7F285C23FD00C81EE3 /* githubIssueManagerUITestsLaunchTests.swift */; };
		B53CFC90285C498700C81EE3 /* AppCoordinator.swift in Sources */ = {isa = PBXBuildFile; fileRef = B53CFC8F285C498700C81EE3 /* AppCoordinator.swift */; };
		B53CFC92285C49B300C81EE3 /* Coordinator.swift in Sources */ = {isa = PBXBuildFile; fileRef = B53CFC91285C49B300C81EE3 /* Coordinator.swift */; };
		B53CFC94285C4CAA00C81EE3 /* CoordinatorFactory.swift in Sources */ = {isa = PBXBuildFile; fileRef = B53CFC93285C4CAA00C81EE3 /* CoordinatorFactory.swift */; };
		B53CFC96285C5A2200C81EE3 /* LoginCoordinator.swift in Sources */ = {isa = PBXBuildFile; fileRef = B53CFC95285C5A2200C81EE3 /* LoginCoordinator.swift */; };
		B53CFC99285C620100C81EE3 /* Logger.swift in Sources */ = {isa = PBXBuildFile; fileRef = B53CFC98285C620100C81EE3 /* Logger.swift */; };
		B53CFC9B285C6CEE00C81EE3 /* LoginViewModel.swift in Sources */ = {isa = PBXBuildFile; fileRef = B53CFC9A285C6CEE00C81EE3 /* LoginViewModel.swift */; };
		B53CFC9D285C6F1400C81EE3 /* NetworkManager.swift in Sources */ = {isa = PBXBuildFile; fileRef = B53CFC9C285C6F1400C81EE3 /* NetworkManager.swift */; };
		B53CFCA1285C757A00C81EE3 /* BasicViewModel.swift in Sources */ = {isa = PBXBuildFile; fileRef = B53CFCA0285C757A00C81EE3 /* BasicViewModel.swift */; };
		B53CFCA4285C78A300C81EE3 /* UIControl+Extension.swift in Sources */ = {isa = PBXBuildFile; fileRef = B53CFCA3285C78A300C81EE3 /* UIControl+Extension.swift */; };
		B53CFCA6285D815900C81EE3 /* Observable.swift in Sources */ = {isa = PBXBuildFile; fileRef = B53CFCA5285D815900C81EE3 /* Observable.swift */; };
		B53CFCA8285D848E00C81EE3 /* LoginRepository.swift in Sources */ = {isa = PBXBuildFile; fileRef = B53CFCA7285D848E00C81EE3 /* LoginRepository.swift */; };
		B53CFCAA285DDD4000C81EE3 /* NetworkTarget.swift in Sources */ = {isa = PBXBuildFile; fileRef = B53CFCA9285DDD4000C81EE3 /* NetworkTarget.swift */; };
		B53CFCAC285DDE2600C81EE3 /* NetworkManagable.swift in Sources */ = {isa = PBXBuildFile; fileRef = B53CFCAB285DDE2600C81EE3 /* NetworkManagable.swift */; };
		B53CFCAE285DDEB500C81EE3 /* Path.swift in Sources */ = {isa = PBXBuildFile; fileRef = B53CFCAD285DDEB500C81EE3 /* Path.swift */; };
		B53CFCB0285DDECC00C81EE3 /* HttpMethod.swift in Sources */ = {isa = PBXBuildFile; fileRef = B53CFCAF285DDECC00C81EE3 /* HttpMethod.swift */; };
		B53CFCB3285DFB4C00C81EE3 /* GithubKeys.plist in Resources */ = {isa = PBXBuildFile; fileRef = B53CFCB2285DFB4C00C81EE3 /* GithubKeys.plist */; };
		B5714E1828655A1300EB1A54 /* IssueInsertViewController.swift in Sources */ = {isa = PBXBuildFile; fileRef = B5714E1728655A1300EB1A54 /* IssueInsertViewController.swift */; };
		B5714E1B2865ACEF00EB1A54 /* IssueInsertField.swift in Sources */ = {isa = PBXBuildFile; fileRef = B5714E1A2865ACEF00EB1A54 /* IssueInsertField.swift */; };
		B5714E1D2865AF5B00EB1A54 /* IssueInsertForm.swift in Sources */ = {isa = PBXBuildFile; fileRef = B5714E1C2865AF5B00EB1A54 /* IssueInsertForm.swift */; };
		B5714E1F2866F83B00EB1A54 /* IssueInsertViewModel.swift in Sources */ = {isa = PBXBuildFile; fileRef = B5714E1E2866F83B00EB1A54 /* IssueInsertViewModel.swift */; };
		B5714E212866F91300EB1A54 /* IssueInsertRepository.swift in Sources */ = {isa = PBXBuildFile; fileRef = B5714E202866F91300EB1A54 /* IssueInsertRepository.swift */; };
		B5B7E7BC285E12630077E97D /* AuthRequest.swift in Sources */ = {isa = PBXBuildFile; fileRef = B5B7E7BB285E12630077E97D /* AuthRequest.swift */; };
		B5B7E7BE285E16EC0077E97D /* Bundle+Extension.swift in Sources */ = {isa = PBXBuildFile; fileRef = B5B7E7BD285E16EC0077E97D /* Bundle+Extension.swift */; };
		B5BBCB272867005D00BA918E /* Label.swift in Sources */ = {isa = PBXBuildFile; fileRef = B5BBCB262867005D00BA918E /* Label.swift */; };
		B5BBCB292867017D00BA918E /* Assignee.swift in Sources */ = {isa = PBXBuildFile; fileRef = B5BBCB282867017D00BA918E /* Assignee.swift */; };
		B5BBCB2B2867037000BA918E /* milestones.json in Resources */ = {isa = PBXBuildFile; fileRef = B5BBCB2A2867037000BA918E /* milestones.json */; };
		B5BBCB2D286703AD00BA918E /* labels.json in Resources */ = {isa = PBXBuildFile; fileRef = B5BBCB2C286703AD00BA918E /* labels.json */; };
		B5BBCB31286703DF00BA918E /* assignees.json in Resources */ = {isa = PBXBuildFile; fileRef = B5BBCB30286703DF00BA918E /* assignees.json */; };
		B5BBCB332867040800BA918E /* IssueInsertViewModelTest.swift in Sources */ = {isa = PBXBuildFile; fileRef = B5BBCB322867040800BA918E /* IssueInsertViewModelTest.swift */; };
		B5BBCB352867473C00BA918E /* AdditionalInfoViewController.swift in Sources */ = {isa = PBXBuildFile; fileRef = B5BBCB342867473C00BA918E /* AdditionalInfoViewController.swift */; };
		B5BBCB372867487F00BA918E /* AdditionalInfoTableViewCell.swift in Sources */ = {isa = PBXBuildFile; fileRef = B5BBCB362867487F00BA918E /* AdditionalInfoTableViewCell.swift */; };
		B5BBCB39286748E800BA918E /* AdditionalInfoTableViewCellModel.swift in Sources */ = {isa = PBXBuildFile; fileRef = B5BBCB38286748E800BA918E /* AdditionalInfoTableViewCellModel.swift */; };
		B5BBCB3D2867585600BA918E /* AdditionalInfoViewModel.swift in Sources */ = {isa = PBXBuildFile; fileRef = B5BBCB3C2867585600BA918E /* AdditionalInfoViewModel.swift */; };
		B5BBCB3F286761C600BA918E /* TitleValuePossessible.swift in Sources */ = {isa = PBXBuildFile; fileRef = B5BBCB3E286761C600BA918E /* TitleValuePossessible.swift */; };
		B5BBCB432868BAFD00BA918E /* IssueRequest.swift in Sources */ = {isa = PBXBuildFile; fileRef = B5BBCB422868BAFD00BA918E /* IssueRequest.swift */; };
		B5BBCB452868C33700BA918E /* TextViewDelegate.swift in Sources */ = {isa = PBXBuildFile; fileRef = B5BBCB442868C33600BA918E /* TextViewDelegate.swift */; };
		B5BBCB472868CB3000BA918E /* UITextField+Extension.swift in Sources */ = {isa = PBXBuildFile; fileRef = B5BBCB462868CB3000BA918E /* UITextField+Extension.swift */; };
		B5BBCB4C2869985E00BA918E /* LabelCoordinator.swift in Sources */ = {isa = PBXBuildFile; fileRef = B5BBCB4B2869985E00BA918E /* LabelCoordinator.swift */; };
		B5BBCB4F28699A3D00BA918E /* LabelListViewController.swift in Sources */ = {isa = PBXBuildFile; fileRef = B5BBCB4E28699A3D00BA918E /* LabelListViewController.swift */; };
		B5BBCB522869A76A00BA918E /* LabelListTableViewCell.swift in Sources */ = {isa = PBXBuildFile; fileRef = B5BBCB512869A76A00BA918E /* LabelListTableViewCell.swift */; };
		B5BBCB542869AB9800BA918E /* LabelListViewModel.swift in Sources */ = {isa = PBXBuildFile; fileRef = B5BBCB532869AB9800BA918E /* LabelListViewModel.swift */; };
		B5BBCB562869AC8600BA918E /* LabelListTableViewCellModel.swift in Sources */ = {isa = PBXBuildFile; fileRef = B5BBCB552869AC8600BA918E /* LabelListTableViewCellModel.swift */; };
		B5BBCB582869B9F900BA918E /* LabelListRepository.swift in Sources */ = {isa = PBXBuildFile; fileRef = B5BBCB572869B9F900BA918E /* LabelListRepository.swift */; };
		B5BBCB5A2869C0C500BA918E /* PaddingLabel.swift in Sources */ = {isa = PBXBuildFile; fileRef = B5BBCB592869C0C500BA918E /* PaddingLabel.swift */; };
		B5BBCB5C2869C19400BA918E /* String+Extension.swift in Sources */ = {isa = PBXBuildFile; fileRef = B5BBCB5B2869C19400BA918E /* String+Extension.swift */; };
		B5BBCB5E2869CA4600BA918E /* LabelListViewModelTest.swift in Sources */ = {isa = PBXBuildFile; fileRef = B5BBCB5D2869CA4600BA918E /* LabelListViewModelTest.swift */; };
		B5BBCB612869F87B00BA918E /* LabelInsertViewController.swift in Sources */ = {isa = PBXBuildFile; fileRef = B5BBCB602869F87B00BA918E /* LabelInsertViewController.swift */; };
		B5BBCB632869F89800BA918E /* LabelInsertViewModel.swift in Sources */ = {isa = PBXBuildFile; fileRef = B5BBCB622869F89800BA918E /* LabelInsertViewModel.swift */; };
		B5BBCB662869FE8500BA918E /* LabelInsertForm.swift in Sources */ = {isa = PBXBuildFile; fileRef = B5BBCB652869FE8500BA918E /* LabelInsertForm.swift */; };
		B5BBCB68286A029400BA918E /* InsertField.swift in Sources */ = {isa = PBXBuildFile; fileRef = B5BBCB67286A029400BA918E /* InsertField.swift */; };
		B5D4807D2861DF9F0069D16B /* UIColor+Extension.swift in Sources */ = {isa = PBXBuildFile; fileRef = B5D4807C2861DF9F0069D16B /* UIColor+Extension.swift */; };
		B5D4807F2861E38D0069D16B /* IssueListTableViewCell.swift in Sources */ = {isa = PBXBuildFile; fileRef = B5D4807E2861E38C0069D16B /* IssueListTableViewCell.swift */; };
		B5D480812861E3BF0069D16B /* TableViewCell.swift in Sources */ = {isa = PBXBuildFile; fileRef = B5D480802861E3BF0069D16B /* TableViewCell.swift */; };
		B5D480852861E5DE0069D16B /* TableViewDataSource.swift in Sources */ = {isa = PBXBuildFile; fileRef = B5D480842861E5DE0069D16B /* TableViewDataSource.swift */; };
		B5D480872861F6140069D16B /* IssueListTableViewCellModel.swift in Sources */ = {isa = PBXBuildFile; fileRef = B5D480862861F6140069D16B /* IssueListTableViewCellModel.swift */; };
		B5D4808928630E0E0069D16B /* Issue.swift in Sources */ = {isa = PBXBuildFile; fileRef = B5D4808828630E0E0069D16B /* Issue.swift */; };
		B5D4808B2863107C0069D16B /* Milestone.swift in Sources */ = {isa = PBXBuildFile; fileRef = B5D4808A2863107C0069D16B /* Milestone.swift */; };
		B5D4808D286311050069D16B /* IssueListRepository.swift in Sources */ = {isa = PBXBuildFile; fileRef = B5D4808C286311050069D16B /* IssueListRepository.swift */; };
		B5D4808F286327550069D16B /* UserDefault.swift in Sources */ = {isa = PBXBuildFile; fileRef = B5D4808E286327550069D16B /* UserDefault.swift */; };
		B5D48091286337E30069D16B /* MockNetworkManager.swift in Sources */ = {isa = PBXBuildFile; fileRef = B5D48090286337E30069D16B /* MockNetworkManager.swift */; };
		B5D48094286339260069D16B /* issues.json in Resources */ = {isa = PBXBuildFile; fileRef = B5D48093286339260069D16B /* issues.json */; };
		EEC8393A7CC1C82330BDB5A3 /* Pods_githubIssueManagerTests.framework in Frameworks */ = {isa = PBXBuildFile; fileRef = 2461462E42448731A820A9A1 /* Pods_githubIssueManagerTests.framework */; };
		FEF82E538C6374486E2E9642 /* Pods_githubIssueManager_githubIssueManagerUITests.framework in Frameworks */ = {isa = PBXBuildFile; fileRef = F6815203A41B926E7F29DE92 /* Pods_githubIssueManager_githubIssueManagerUITests.framework */; };
/* End PBXBuildFile section */

/* Begin PBXContainerItemProxy section */
		B53CFC70285C23FD00C81EE3 /* PBXContainerItemProxy */ = {
			isa = PBXContainerItemProxy;
			containerPortal = B53CFC51285C23FB00C81EE3 /* Project object */;
			proxyType = 1;
			remoteGlobalIDString = B53CFC58285C23FB00C81EE3;
			remoteInfo = githubIssueManager;
		};
		B53CFC7A285C23FD00C81EE3 /* PBXContainerItemProxy */ = {
			isa = PBXContainerItemProxy;
			containerPortal = B53CFC51285C23FB00C81EE3 /* Project object */;
			proxyType = 1;
			remoteGlobalIDString = B53CFC58285C23FB00C81EE3;
			remoteInfo = githubIssueManager;
		};
/* End PBXContainerItemProxy section */

/* Begin PBXFileReference section */
		20B98927C2DED0DE2552CFDC /* Pods-githubIssueManagerTests.debug.xcconfig */ = {isa = PBXFileReference; includeInIndex = 1; lastKnownFileType = text.xcconfig; name = "Pods-githubIssueManagerTests.debug.xcconfig"; path = "Target Support Files/Pods-githubIssueManagerTests/Pods-githubIssueManagerTests.debug.xcconfig"; sourceTree = "<group>"; };
		2461462E42448731A820A9A1 /* Pods_githubIssueManagerTests.framework */ = {isa = PBXFileReference; explicitFileType = wrapper.framework; includeInIndex = 0; path = Pods_githubIssueManagerTests.framework; sourceTree = BUILT_PRODUCTS_DIR; };
		4327E441CDA89A2DE62CAF80 /* Pods-githubIssueManager.debug.xcconfig */ = {isa = PBXFileReference; includeInIndex = 1; lastKnownFileType = text.xcconfig; name = "Pods-githubIssueManager.debug.xcconfig"; path = "Target Support Files/Pods-githubIssueManager/Pods-githubIssueManager.debug.xcconfig"; sourceTree = "<group>"; };
		73FBCB351132694C26143B8F /* Pods-githubIssueManager-githubIssueManagerUITests.release.xcconfig */ = {isa = PBXFileReference; includeInIndex = 1; lastKnownFileType = text.xcconfig; name = "Pods-githubIssueManager-githubIssueManagerUITests.release.xcconfig"; path = "Target Support Files/Pods-githubIssueManager-githubIssueManagerUITests/Pods-githubIssueManager-githubIssueManagerUITests.release.xcconfig"; sourceTree = "<group>"; };
		76BC0807DF5B8DB2B8D89C60 /* Pods-githubIssueManager-githubIssueManagerUITests.debug.xcconfig */ = {isa = PBXFileReference; includeInIndex = 1; lastKnownFileType = text.xcconfig; name = "Pods-githubIssueManager-githubIssueManagerUITests.debug.xcconfig"; path = "Target Support Files/Pods-githubIssueManager-githubIssueManagerUITests/Pods-githubIssueManager-githubIssueManagerUITests.debug.xcconfig"; sourceTree = "<group>"; };
		7BE7E5F9124707F3031D0F59 /* Pods_githubIssueManager.framework */ = {isa = PBXFileReference; explicitFileType = wrapper.framework; includeInIndex = 0; path = Pods_githubIssueManager.framework; sourceTree = BUILT_PRODUCTS_DIR; };
		A08B76555F60011C279258CA /* Pods-githubIssueManagerTests.release.xcconfig */ = {isa = PBXFileReference; includeInIndex = 1; lastKnownFileType = text.xcconfig; name = "Pods-githubIssueManagerTests.release.xcconfig"; path = "Target Support Files/Pods-githubIssueManagerTests/Pods-githubIssueManagerTests.release.xcconfig"; sourceTree = "<group>"; };
		B1856AE6EB4395936E544F47 /* Pods-githubIssueManager.release.xcconfig */ = {isa = PBXFileReference; includeInIndex = 1; lastKnownFileType = text.xcconfig; name = "Pods-githubIssueManager.release.xcconfig"; path = "Target Support Files/Pods-githubIssueManager/Pods-githubIssueManager.release.xcconfig"; sourceTree = "<group>"; };
		B5036232285E575A00F82C4E /* ObjectConverter.swift */ = {isa = PBXFileReference; lastKnownFileType = sourcecode.swift; path = ObjectConverter.swift; sourceTree = "<group>"; };
		B5036234285E5C3E00F82C4E /* DeepLinkeRouter.swift */ = {isa = PBXFileReference; lastKnownFileType = sourcecode.swift; path = DeepLinkeRouter.swift; sourceTree = "<group>"; };
		B5036236285F674C00F82C4E /* AuthResponse.swift */ = {isa = PBXFileReference; lastKnownFileType = sourcecode.swift; path = AuthResponse.swift; sourceTree = "<group>"; };
		B503623B285F6A3500F82C4E /* MainCoordinator.swift */ = {isa = PBXFileReference; lastKnownFileType = sourcecode.swift; path = MainCoordinator.swift; sourceTree = "<group>"; };
		B503623D285F6B6400F82C4E /* IssueListViewController.swift */ = {isa = PBXFileReference; lastKnownFileType = sourcecode.swift; path = IssueListViewController.swift; sourceTree = "<group>"; };
		B5036240285F833300F82C4E /* IssueCoordinator.swift */ = {isa = PBXFileReference; lastKnownFileType = sourcecode.swift; path = IssueCoordinator.swift; sourceTree = "<group>"; };
		B5036242285F8A5B00F82C4E /* IssueListViewModel.swift */ = {isa = PBXFileReference; lastKnownFileType = sourcecode.swift; path = IssueListViewModel.swift; sourceTree = "<group>"; };
		B50950BC2864368700298AE3 /* LoginViewModelTest.swift */ = {isa = PBXFileReference; lastKnownFileType = sourcecode.swift; path = LoginViewModelTest.swift; sourceTree = "<group>"; };
		B50950BE28643D0500298AE3 /* authentication.json */ = {isa = PBXFileReference; fileEncoding = 4; lastKnownFileType = text.json; path = authentication.json; sourceTree = "<group>"; };
		B50950C02864403300298AE3 /* AuthenticationTest.swift */ = {isa = PBXFileReference; lastKnownFileType = sourcecode.swift; path = AuthenticationTest.swift; sourceTree = "<group>"; };
		B53CFC59285C23FB00C81EE3 /* githubIssueManager.app */ = {isa = PBXFileReference; explicitFileType = wrapper.application; includeInIndex = 0; path = githubIssueManager.app; sourceTree = BUILT_PRODUCTS_DIR; };
		B53CFC5C285C23FB00C81EE3 /* AppDelegate.swift */ = {isa = PBXFileReference; lastKnownFileType = sourcecode.swift; path = AppDelegate.swift; sourceTree = "<group>"; };
		B53CFC5E285C23FB00C81EE3 /* SceneDelegate.swift */ = {isa = PBXFileReference; lastKnownFileType = sourcecode.swift; path = SceneDelegate.swift; sourceTree = "<group>"; };
		B53CFC60285C23FB00C81EE3 /* LoginViewController.swift */ = {isa = PBXFileReference; lastKnownFileType = sourcecode.swift; path = LoginViewController.swift; sourceTree = "<group>"; };
		B53CFC65285C23FD00C81EE3 /* Assets.xcassets */ = {isa = PBXFileReference; lastKnownFileType = folder.assetcatalog; path = Assets.xcassets; sourceTree = "<group>"; };
		B53CFC68285C23FD00C81EE3 /* Base */ = {isa = PBXFileReference; lastKnownFileType = file.storyboard; name = Base; path = Base.lproj/LaunchScreen.storyboard; sourceTree = "<group>"; };
		B53CFC6A285C23FD00C81EE3 /* Info.plist */ = {isa = PBXFileReference; lastKnownFileType = text.plist.xml; path = Info.plist; sourceTree = "<group>"; };
		B53CFC6F285C23FD00C81EE3 /* githubIssueManagerTests.xctest */ = {isa = PBXFileReference; explicitFileType = wrapper.cfbundle; includeInIndex = 0; path = githubIssueManagerTests.xctest; sourceTree = BUILT_PRODUCTS_DIR; };
		B53CFC73285C23FD00C81EE3 /* IssueListViewModelTest.swift */ = {isa = PBXFileReference; lastKnownFileType = sourcecode.swift; path = IssueListViewModelTest.swift; sourceTree = "<group>"; };
		B53CFC79285C23FD00C81EE3 /* githubIssueManagerUITests.xctest */ = {isa = PBXFileReference; explicitFileType = wrapper.cfbundle; includeInIndex = 0; path = githubIssueManagerUITests.xctest; sourceTree = BUILT_PRODUCTS_DIR; };
		B53CFC7D285C23FD00C81EE3 /* githubIssueManagerUITests.swift */ = {isa = PBXFileReference; lastKnownFileType = sourcecode.swift; path = githubIssueManagerUITests.swift; sourceTree = "<group>"; };
		B53CFC7F285C23FD00C81EE3 /* githubIssueManagerUITestsLaunchTests.swift */ = {isa = PBXFileReference; lastKnownFileType = sourcecode.swift; path = githubIssueManagerUITestsLaunchTests.swift; sourceTree = "<group>"; };
		B53CFC8F285C498700C81EE3 /* AppCoordinator.swift */ = {isa = PBXFileReference; lastKnownFileType = sourcecode.swift; path = AppCoordinator.swift; sourceTree = "<group>"; };
		B53CFC91285C49B300C81EE3 /* Coordinator.swift */ = {isa = PBXFileReference; lastKnownFileType = sourcecode.swift; path = Coordinator.swift; sourceTree = "<group>"; };
		B53CFC93285C4CAA00C81EE3 /* CoordinatorFactory.swift */ = {isa = PBXFileReference; lastKnownFileType = sourcecode.swift; path = CoordinatorFactory.swift; sourceTree = "<group>"; };
		B53CFC95285C5A2200C81EE3 /* LoginCoordinator.swift */ = {isa = PBXFileReference; lastKnownFileType = sourcecode.swift; path = LoginCoordinator.swift; sourceTree = "<group>"; };
		B53CFC98285C620100C81EE3 /* Logger.swift */ = {isa = PBXFileReference; lastKnownFileType = sourcecode.swift; path = Logger.swift; sourceTree = "<group>"; };
		B53CFC9A285C6CEE00C81EE3 /* LoginViewModel.swift */ = {isa = PBXFileReference; lastKnownFileType = sourcecode.swift; path = LoginViewModel.swift; sourceTree = "<group>"; };
		B53CFC9C285C6F1400C81EE3 /* NetworkManager.swift */ = {isa = PBXFileReference; lastKnownFileType = sourcecode.swift; path = NetworkManager.swift; sourceTree = "<group>"; };
		B53CFCA0285C757A00C81EE3 /* BasicViewModel.swift */ = {isa = PBXFileReference; lastKnownFileType = sourcecode.swift; path = BasicViewModel.swift; sourceTree = "<group>"; };
		B53CFCA3285C78A300C81EE3 /* UIControl+Extension.swift */ = {isa = PBXFileReference; lastKnownFileType = sourcecode.swift; path = "UIControl+Extension.swift"; sourceTree = "<group>"; };
		B53CFCA5285D815900C81EE3 /* Observable.swift */ = {isa = PBXFileReference; lastKnownFileType = sourcecode.swift; path = Observable.swift; sourceTree = "<group>"; };
		B53CFCA7285D848E00C81EE3 /* LoginRepository.swift */ = {isa = PBXFileReference; lastKnownFileType = sourcecode.swift; path = LoginRepository.swift; sourceTree = "<group>"; };
		B53CFCA9285DDD4000C81EE3 /* NetworkTarget.swift */ = {isa = PBXFileReference; lastKnownFileType = sourcecode.swift; path = NetworkTarget.swift; sourceTree = "<group>"; };
		B53CFCAB285DDE2600C81EE3 /* NetworkManagable.swift */ = {isa = PBXFileReference; lastKnownFileType = sourcecode.swift; path = NetworkManagable.swift; sourceTree = "<group>"; };
		B53CFCAD285DDEB500C81EE3 /* Path.swift */ = {isa = PBXFileReference; lastKnownFileType = sourcecode.swift; path = Path.swift; sourceTree = "<group>"; };
		B53CFCAF285DDECC00C81EE3 /* HttpMethod.swift */ = {isa = PBXFileReference; lastKnownFileType = sourcecode.swift; path = HttpMethod.swift; sourceTree = "<group>"; };
		B53CFCB2285DFB4C00C81EE3 /* GithubKeys.plist */ = {isa = PBXFileReference; lastKnownFileType = text.plist.xml; path = GithubKeys.plist; sourceTree = "<group>"; };
		B5714E1728655A1300EB1A54 /* IssueInsertViewController.swift */ = {isa = PBXFileReference; lastKnownFileType = sourcecode.swift; path = IssueInsertViewController.swift; sourceTree = "<group>"; };
		B5714E1A2865ACEF00EB1A54 /* IssueInsertField.swift */ = {isa = PBXFileReference; lastKnownFileType = sourcecode.swift; path = IssueInsertField.swift; sourceTree = "<group>"; };
		B5714E1C2865AF5B00EB1A54 /* IssueInsertForm.swift */ = {isa = PBXFileReference; lastKnownFileType = sourcecode.swift; path = IssueInsertForm.swift; sourceTree = "<group>"; };
		B5714E1E2866F83B00EB1A54 /* IssueInsertViewModel.swift */ = {isa = PBXFileReference; lastKnownFileType = sourcecode.swift; path = IssueInsertViewModel.swift; sourceTree = "<group>"; };
		B5714E202866F91300EB1A54 /* IssueInsertRepository.swift */ = {isa = PBXFileReference; lastKnownFileType = sourcecode.swift; path = IssueInsertRepository.swift; sourceTree = "<group>"; };
		B5B7E7BB285E12630077E97D /* AuthRequest.swift */ = {isa = PBXFileReference; lastKnownFileType = sourcecode.swift; path = AuthRequest.swift; sourceTree = "<group>"; };
		B5B7E7BD285E16EC0077E97D /* Bundle+Extension.swift */ = {isa = PBXFileReference; lastKnownFileType = sourcecode.swift; path = "Bundle+Extension.swift"; sourceTree = "<group>"; };
		B5BBCB262867005D00BA918E /* Label.swift */ = {isa = PBXFileReference; lastKnownFileType = sourcecode.swift; path = Label.swift; sourceTree = "<group>"; };
		B5BBCB282867017D00BA918E /* Assignee.swift */ = {isa = PBXFileReference; lastKnownFileType = sourcecode.swift; path = Assignee.swift; sourceTree = "<group>"; };
		B5BBCB2A2867037000BA918E /* milestones.json */ = {isa = PBXFileReference; lastKnownFileType = text.json; path = milestones.json; sourceTree = "<group>"; };
		B5BBCB2C286703AD00BA918E /* labels.json */ = {isa = PBXFileReference; lastKnownFileType = text.json; path = labels.json; sourceTree = "<group>"; };
		B5BBCB30286703DF00BA918E /* assignees.json */ = {isa = PBXFileReference; lastKnownFileType = text.json; path = assignees.json; sourceTree = "<group>"; };
		B5BBCB322867040800BA918E /* IssueInsertViewModelTest.swift */ = {isa = PBXFileReference; lastKnownFileType = sourcecode.swift; path = IssueInsertViewModelTest.swift; sourceTree = "<group>"; };
		B5BBCB342867473C00BA918E /* AdditionalInfoViewController.swift */ = {isa = PBXFileReference; lastKnownFileType = sourcecode.swift; path = AdditionalInfoViewController.swift; sourceTree = "<group>"; };
		B5BBCB362867487F00BA918E /* AdditionalInfoTableViewCell.swift */ = {isa = PBXFileReference; lastKnownFileType = sourcecode.swift; path = AdditionalInfoTableViewCell.swift; sourceTree = "<group>"; };
		B5BBCB38286748E800BA918E /* AdditionalInfoTableViewCellModel.swift */ = {isa = PBXFileReference; lastKnownFileType = sourcecode.swift; path = AdditionalInfoTableViewCellModel.swift; sourceTree = "<group>"; };
		B5BBCB3C2867585600BA918E /* AdditionalInfoViewModel.swift */ = {isa = PBXFileReference; lastKnownFileType = sourcecode.swift; path = AdditionalInfoViewModel.swift; sourceTree = "<group>"; };
		B5BBCB3E286761C600BA918E /* TitleValuePossessible.swift */ = {isa = PBXFileReference; lastKnownFileType = sourcecode.swift; path = TitleValuePossessible.swift; sourceTree = "<group>"; };
		B5BBCB422868BAFD00BA918E /* IssueRequest.swift */ = {isa = PBXFileReference; lastKnownFileType = sourcecode.swift; path = IssueRequest.swift; sourceTree = "<group>"; };
		B5BBCB442868C33600BA918E /* TextViewDelegate.swift */ = {isa = PBXFileReference; lastKnownFileType = sourcecode.swift; path = TextViewDelegate.swift; sourceTree = "<group>"; };
		B5BBCB462868CB3000BA918E /* UITextField+Extension.swift */ = {isa = PBXFileReference; lastKnownFileType = sourcecode.swift; path = "UITextField+Extension.swift"; sourceTree = "<group>"; };
		B5BBCB4B2869985E00BA918E /* LabelCoordinator.swift */ = {isa = PBXFileReference; lastKnownFileType = sourcecode.swift; path = LabelCoordinator.swift; sourceTree = "<group>"; };
		B5BBCB4E28699A3D00BA918E /* LabelListViewController.swift */ = {isa = PBXFileReference; lastKnownFileType = sourcecode.swift; path = LabelListViewController.swift; sourceTree = "<group>"; };
		B5BBCB512869A76A00BA918E /* LabelListTableViewCell.swift */ = {isa = PBXFileReference; lastKnownFileType = sourcecode.swift; path = LabelListTableViewCell.swift; sourceTree = "<group>"; };
		B5BBCB532869AB9800BA918E /* LabelListViewModel.swift */ = {isa = PBXFileReference; lastKnownFileType = sourcecode.swift; path = LabelListViewModel.swift; sourceTree = "<group>"; };
		B5BBCB552869AC8600BA918E /* LabelListTableViewCellModel.swift */ = {isa = PBXFileReference; lastKnownFileType = sourcecode.swift; path = LabelListTableViewCellModel.swift; sourceTree = "<group>"; };
		B5BBCB572869B9F900BA918E /* LabelListRepository.swift */ = {isa = PBXFileReference; lastKnownFileType = sourcecode.swift; path = LabelListRepository.swift; sourceTree = "<group>"; };
		B5BBCB592869C0C500BA918E /* PaddingLabel.swift */ = {isa = PBXFileReference; lastKnownFileType = sourcecode.swift; path = PaddingLabel.swift; sourceTree = "<group>"; };
		B5BBCB5B2869C19400BA918E /* String+Extension.swift */ = {isa = PBXFileReference; lastKnownFileType = sourcecode.swift; path = "String+Extension.swift"; sourceTree = "<group>"; };
		B5BBCB5D2869CA4600BA918E /* LabelListViewModelTest.swift */ = {isa = PBXFileReference; lastKnownFileType = sourcecode.swift; path = LabelListViewModelTest.swift; sourceTree = "<group>"; };
		B5BBCB602869F87B00BA918E /* LabelInsertViewController.swift */ = {isa = PBXFileReference; lastKnownFileType = sourcecode.swift; path = LabelInsertViewController.swift; sourceTree = "<group>"; };
		B5BBCB622869F89800BA918E /* LabelInsertViewModel.swift */ = {isa = PBXFileReference; lastKnownFileType = sourcecode.swift; path = LabelInsertViewModel.swift; sourceTree = "<group>"; };
		B5BBCB652869FE8500BA918E /* LabelInsertForm.swift */ = {isa = PBXFileReference; lastKnownFileType = sourcecode.swift; path = LabelInsertForm.swift; sourceTree = "<group>"; };
		B5BBCB67286A029400BA918E /* InsertField.swift */ = {isa = PBXFileReference; lastKnownFileType = sourcecode.swift; path = InsertField.swift; sourceTree = "<group>"; };
		B5D4807C2861DF9F0069D16B /* UIColor+Extension.swift */ = {isa = PBXFileReference; lastKnownFileType = sourcecode.swift; path = "UIColor+Extension.swift"; sourceTree = "<group>"; };
		B5D4807E2861E38C0069D16B /* IssueListTableViewCell.swift */ = {isa = PBXFileReference; lastKnownFileType = sourcecode.swift; path = IssueListTableViewCell.swift; sourceTree = "<group>"; };
		B5D480802861E3BF0069D16B /* TableViewCell.swift */ = {isa = PBXFileReference; lastKnownFileType = sourcecode.swift; path = TableViewCell.swift; sourceTree = "<group>"; };
		B5D480842861E5DE0069D16B /* TableViewDataSource.swift */ = {isa = PBXFileReference; lastKnownFileType = sourcecode.swift; path = TableViewDataSource.swift; sourceTree = "<group>"; };
		B5D480862861F6140069D16B /* IssueListTableViewCellModel.swift */ = {isa = PBXFileReference; lastKnownFileType = sourcecode.swift; path = IssueListTableViewCellModel.swift; sourceTree = "<group>"; };
		B5D4808828630E0E0069D16B /* Issue.swift */ = {isa = PBXFileReference; lastKnownFileType = sourcecode.swift; path = Issue.swift; sourceTree = "<group>"; };
		B5D4808A2863107C0069D16B /* Milestone.swift */ = {isa = PBXFileReference; lastKnownFileType = sourcecode.swift; path = Milestone.swift; sourceTree = "<group>"; };
		B5D4808C286311050069D16B /* IssueListRepository.swift */ = {isa = PBXFileReference; lastKnownFileType = sourcecode.swift; path = IssueListRepository.swift; sourceTree = "<group>"; };
		B5D4808E286327550069D16B /* UserDefault.swift */ = {isa = PBXFileReference; lastKnownFileType = sourcecode.swift; path = UserDefault.swift; sourceTree = "<group>"; };
		B5D48090286337E30069D16B /* MockNetworkManager.swift */ = {isa = PBXFileReference; lastKnownFileType = sourcecode.swift; path = MockNetworkManager.swift; sourceTree = "<group>"; };
		B5D48093286339260069D16B /* issues.json */ = {isa = PBXFileReference; fileEncoding = 4; lastKnownFileType = text.json; path = issues.json; sourceTree = "<group>"; };
		F6815203A41B926E7F29DE92 /* Pods_githubIssueManager_githubIssueManagerUITests.framework */ = {isa = PBXFileReference; explicitFileType = wrapper.framework; includeInIndex = 0; path = Pods_githubIssueManager_githubIssueManagerUITests.framework; sourceTree = BUILT_PRODUCTS_DIR; };
/* End PBXFileReference section */

/* Begin PBXFrameworksBuildPhase section */
		B53CFC56285C23FB00C81EE3 /* Frameworks */ = {
			isa = PBXFrameworksBuildPhase;
			buildActionMask = 2147483647;
			files = (
				8A496A7881C854D55C031878 /* Pods_githubIssueManager.framework in Frameworks */,
			);
			runOnlyForDeploymentPostprocessing = 0;
		};
		B53CFC6C285C23FD00C81EE3 /* Frameworks */ = {
			isa = PBXFrameworksBuildPhase;
			buildActionMask = 2147483647;
			files = (
				EEC8393A7CC1C82330BDB5A3 /* Pods_githubIssueManagerTests.framework in Frameworks */,
			);
			runOnlyForDeploymentPostprocessing = 0;
		};
		B53CFC76285C23FD00C81EE3 /* Frameworks */ = {
			isa = PBXFrameworksBuildPhase;
			buildActionMask = 2147483647;
			files = (
				FEF82E538C6374486E2E9642 /* Pods_githubIssueManager_githubIssueManagerUITests.framework in Frameworks */,
			);
			runOnlyForDeploymentPostprocessing = 0;
		};
/* End PBXFrameworksBuildPhase section */

/* Begin PBXGroup section */
		91C16AE6384F735335DD39D8 /* Frameworks */ = {
			isa = PBXGroup;
			children = (
				7BE7E5F9124707F3031D0F59 /* Pods_githubIssueManager.framework */,
				F6815203A41B926E7F29DE92 /* Pods_githubIssueManager_githubIssueManagerUITests.framework */,
				2461462E42448731A820A9A1 /* Pods_githubIssueManagerTests.framework */,
			);
			name = Frameworks;
			sourceTree = "<group>";
		};
		B503623A285F6A1E00F82C4E /* Main */ = {
			isa = PBXGroup;
			children = (
				B503623B285F6A3500F82C4E /* MainCoordinator.swift */,
				B503623F285F808F00F82C4E /* Issue */,
				B5BBCB4A2869984C00BA918E /* Label */,
			);
			path = Main;
			sourceTree = "<group>";
		};
		B503623F285F808F00F82C4E /* Issue */ = {
			isa = PBXGroup;
			children = (
				B5D4807A2861DEEE0069D16B /* IssueList */,
				B5714E16286559EC00EB1A54 /* IssueInsert */,
				B5BBCB3A2867582800BA918E /* AdditionalInfo */,
				B5036240285F833300F82C4E /* IssueCoordinator.swift */,
			);
			path = Issue;
			sourceTree = "<group>";
		};
		B53CFC50285C23FB00C81EE3 = {
			isa = PBXGroup;
			children = (
				B53CFC5B285C23FB00C81EE3 /* githubIssueManager */,
				B53CFC72285C23FD00C81EE3 /* githubIssueManagerTests */,
				B53CFC7C285C23FD00C81EE3 /* githubIssueManagerUITests */,
				B53CFC5A285C23FB00C81EE3 /* Products */,
				F8F8C31DF8B7A9379609A2C5 /* Pods */,
				91C16AE6384F735335DD39D8 /* Frameworks */,
			);
			sourceTree = "<group>";
		};
		B53CFC5A285C23FB00C81EE3 /* Products */ = {
			isa = PBXGroup;
			children = (
				B53CFC59285C23FB00C81EE3 /* githubIssueManager.app */,
				B53CFC6F285C23FD00C81EE3 /* githubIssueManagerTests.xctest */,
				B53CFC79285C23FD00C81EE3 /* githubIssueManagerUITests.xctest */,
			);
			name = Products;
			sourceTree = "<group>";
		};
		B53CFC5B285C23FB00C81EE3 /* githubIssueManager */ = {
			isa = PBXGroup;
			children = (
				B53CFCB1285DFB2600C81EE3 /* Resources */,
				B53CFC9E285C6F1E00C81EE3 /* Network */,
				B53CFC97285C61F700C81EE3 /* Common */,
				B5B7E7BA285E12510077E97D /* Entities */,
				B53CFC8E285C496200C81EE3 /* Coordinator */,
				B53CFC8D285C47D500C81EE3 /* LogIn */,
				B503623A285F6A1E00F82C4E /* Main */,
				B53CFC8C285C2C6000C81EE3 /* Supportings */,
				B53CFC65285C23FD00C81EE3 /* Assets.xcassets */,
				B53CFC67285C23FD00C81EE3 /* LaunchScreen.storyboard */,
				B53CFC6A285C23FD00C81EE3 /* Info.plist */,
			);
			path = githubIssueManager;
			sourceTree = "<group>";
		};
		B53CFC72285C23FD00C81EE3 /* githubIssueManagerTests */ = {
			isa = PBXGroup;
			children = (
				B53CFC73285C23FD00C81EE3 /* IssueListViewModelTest.swift */,
				B50950BC2864368700298AE3 /* LoginViewModelTest.swift */,
				B50950C02864403300298AE3 /* AuthenticationTest.swift */,
				B5BBCB322867040800BA918E /* IssueInsertViewModelTest.swift */,
				B5BBCB5D2869CA4600BA918E /* LabelListViewModelTest.swift */,
			);
			path = githubIssueManagerTests;
			sourceTree = "<group>";
		};
		B53CFC7C285C23FD00C81EE3 /* githubIssueManagerUITests */ = {
			isa = PBXGroup;
			children = (
				B53CFC7D285C23FD00C81EE3 /* githubIssueManagerUITests.swift */,
				B53CFC7F285C23FD00C81EE3 /* githubIssueManagerUITestsLaunchTests.swift */,
			);
			path = githubIssueManagerUITests;
			sourceTree = "<group>";
		};
		B53CFC8C285C2C6000C81EE3 /* Supportings */ = {
			isa = PBXGroup;
			children = (
				B53CFC5C285C23FB00C81EE3 /* AppDelegate.swift */,
				B53CFC8F285C498700C81EE3 /* AppCoordinator.swift */,
				B53CFC5E285C23FB00C81EE3 /* SceneDelegate.swift */,
				B5036234285E5C3E00F82C4E /* DeepLinkeRouter.swift */,
			);
			path = Supportings;
			sourceTree = "<group>";
		};
		B53CFC8D285C47D500C81EE3 /* LogIn */ = {
			isa = PBXGroup;
			children = (
				B53CFC60285C23FB00C81EE3 /* LoginViewController.swift */,
				B53CFC95285C5A2200C81EE3 /* LoginCoordinator.swift */,
				B53CFC9A285C6CEE00C81EE3 /* LoginViewModel.swift */,
				B53CFCA7285D848E00C81EE3 /* LoginRepository.swift */,
			);
			path = LogIn;
			sourceTree = "<group>";
		};
		B53CFC8E285C496200C81EE3 /* Coordinator */ = {
			isa = PBXGroup;
			children = (
				B53CFC91285C49B300C81EE3 /* Coordinator.swift */,
				B53CFC93285C4CAA00C81EE3 /* CoordinatorFactory.swift */,
			);
			path = Coordinator;
			sourceTree = "<group>";
		};
		B53CFC97285C61F700C81EE3 /* Common */ = {
			isa = PBXGroup;
			children = (
				B5BBCB492868CFD400BA918E /* ViewComponents */,
				B5BBCB482868CFB500BA918E /* Utils */,
				B53CFCA2285C789700C81EE3 /* Extensions */,
			);
			path = Common;
			sourceTree = "<group>";
		};
		B53CFC9E285C6F1E00C81EE3 /* Network */ = {
			isa = PBXGroup;
			children = (
				B53CFCAB285DDE2600C81EE3 /* NetworkManagable.swift */,
				B53CFC9C285C6F1400C81EE3 /* NetworkManager.swift */,
				B53CFCA9285DDD4000C81EE3 /* NetworkTarget.swift */,
				B53CFCAD285DDEB500C81EE3 /* Path.swift */,
				B53CFCAF285DDECC00C81EE3 /* HttpMethod.swift */,
				B5D48090286337E30069D16B /* MockNetworkManager.swift */,
			);
			path = Network;
			sourceTree = "<group>";
		};
		B53CFCA2285C789700C81EE3 /* Extensions */ = {
			isa = PBXGroup;
			children = (
				B53CFCA3285C78A300C81EE3 /* UIControl+Extension.swift */,
				B5B7E7BD285E16EC0077E97D /* Bundle+Extension.swift */,
				B5D4807C2861DF9F0069D16B /* UIColor+Extension.swift */,
				B5BBCB5B2869C19400BA918E /* String+Extension.swift */,
				B5BBCB462868CB3000BA918E /* UITextField+Extension.swift */,
			);
			path = Extensions;
			sourceTree = "<group>";
		};
		B53CFCB1285DFB2600C81EE3 /* Resources */ = {
			isa = PBXGroup;
			children = (
				B5D4809528633C370069D16B /* MockData */,
				B53CFCB2285DFB4C00C81EE3 /* GithubKeys.plist */,
			);
			path = Resources;
			sourceTree = "<group>";
		};
		B5714E16286559EC00EB1A54 /* IssueInsert */ = {
			isa = PBXGroup;
			children = (
				B5714E192865ACE100EB1A54 /* Views */,
				B5714E1E2866F83B00EB1A54 /* IssueInsertViewModel.swift */,
				B5714E202866F91300EB1A54 /* IssueInsertRepository.swift */,
				B5714E1728655A1300EB1A54 /* IssueInsertViewController.swift */,
			);
			path = IssueInsert;
			sourceTree = "<group>";
		};
		B5714E192865ACE100EB1A54 /* Views */ = {
			isa = PBXGroup;
			children = (
				B5714E1A2865ACEF00EB1A54 /* IssueInsertField.swift */,
				B5714E1C2865AF5B00EB1A54 /* IssueInsertForm.swift */,
			);
			path = Views;
			sourceTree = "<group>";
		};
		B5B7E7BA285E12510077E97D /* Entities */ = {
			isa = PBXGroup;
			children = (
				B5BBCB3E286761C600BA918E /* TitleValuePossessible.swift */,
				B5B7E7BB285E12630077E97D /* AuthRequest.swift */,
				B5036236285F674C00F82C4E /* AuthResponse.swift */,
				B5D4808828630E0E0069D16B /* Issue.swift */,
				B5D4808A2863107C0069D16B /* Milestone.swift */,
				B5BBCB262867005D00BA918E /* Label.swift */,
				B5BBCB282867017D00BA918E /* Assignee.swift */,
				B5BBCB422868BAFD00BA918E /* IssueRequest.swift */,
			);
			path = Entities;
			sourceTree = "<group>";
		};
		B5BBCB3A2867582800BA918E /* AdditionalInfo */ = {
			isa = PBXGroup;
			children = (
				B5BBCB3B2867584100BA918E /* Views */,
				B5BBCB342867473C00BA918E /* AdditionalInfoViewController.swift */,
				B5BBCB38286748E800BA918E /* AdditionalInfoTableViewCellModel.swift */,
				B5BBCB3C2867585600BA918E /* AdditionalInfoViewModel.swift */,
			);
			path = AdditionalInfo;
			sourceTree = "<group>";
		};
		B5BBCB3B2867584100BA918E /* Views */ = {
			isa = PBXGroup;
			children = (
				B5BBCB362867487F00BA918E /* AdditionalInfoTableViewCell.swift */,
			);
			path = Views;
			sourceTree = "<group>";
		};
		B5BBCB482868CFB500BA918E /* Utils */ = {
			isa = PBXGroup;
			children = (
				B53CFCA5285D815900C81EE3 /* Observable.swift */,
				B5036232285E575A00F82C4E /* ObjectConverter.swift */,
				B53CFC98285C620100C81EE3 /* Logger.swift */,
				B5D4808E286327550069D16B /* UserDefault.swift */,
			);
			path = Utils;
			sourceTree = "<group>";
		};
		B5BBCB492868CFD400BA918E /* ViewComponents */ = {
			isa = PBXGroup;
			children = (
				B5BBCB592869C0C500BA918E /* PaddingLabel.swift */,
				B5D480802861E3BF0069D16B /* TableViewCell.swift */,
				B5D480842861E5DE0069D16B /* TableViewDataSource.swift */,
				B53CFCA0285C757A00C81EE3 /* BasicViewModel.swift */,
				B5BBCB442868C33600BA918E /* TextViewDelegate.swift */,
				B5BBCB67286A029400BA918E /* InsertField.swift */,
			);
			path = ViewComponents;
			sourceTree = "<group>";
		};
		B5BBCB4A2869984C00BA918E /* Label */ = {
			isa = PBXGroup;
			children = (
				B5BBCB5F2869F83700BA918E /* LabelInsert */,
				B5BBCB4D28699A2B00BA918E /* LabelList */,
				B5BBCB4B2869985E00BA918E /* LabelCoordinator.swift */,
			);
			path = Label;
			sourceTree = "<group>";
		};
		B5BBCB4D28699A2B00BA918E /* LabelList */ = {
			isa = PBXGroup;
			children = (
				B5BBCB502869A76000BA918E /* Views */,
				B5BBCB4E28699A3D00BA918E /* LabelListViewController.swift */,
				B5BBCB532869AB9800BA918E /* LabelListViewModel.swift */,
				B5BBCB552869AC8600BA918E /* LabelListTableViewCellModel.swift */,
				B5BBCB572869B9F900BA918E /* LabelListRepository.swift */,
			);
			path = LabelList;
			sourceTree = "<group>";
		};
		B5BBCB502869A76000BA918E /* Views */ = {
			isa = PBXGroup;
			children = (
				B5BBCB512869A76A00BA918E /* LabelListTableViewCell.swift */,
			);
			path = Views;
			sourceTree = "<group>";
		};
		B5BBCB5F2869F83700BA918E /* LabelInsert */ = {
			isa = PBXGroup;
			children = (
				B5BBCB642869FCD400BA918E /* Views */,
				B5BBCB602869F87B00BA918E /* LabelInsertViewController.swift */,
				B5BBCB622869F89800BA918E /* LabelInsertViewModel.swift */,
			);
			path = LabelInsert;
			sourceTree = "<group>";
		};
		B5BBCB642869FCD400BA918E /* Views */ = {
			isa = PBXGroup;
			children = (
				B5BBCB652869FE8500BA918E /* LabelInsertForm.swift */,
			);
			path = Views;
			sourceTree = "<group>";
		};
		B5D4807A2861DEEE0069D16B /* IssueList */ = {
			isa = PBXGroup;
			children = (
				B5D4807B2861DF160069D16B /* Views */,
				B5D480862861F6140069D16B /* IssueListTableViewCellModel.swift */,
				B5036242285F8A5B00F82C4E /* IssueListViewModel.swift */,
				B503623D285F6B6400F82C4E /* IssueListViewController.swift */,
				B5D4808C286311050069D16B /* IssueListRepository.swift */,
			);
			path = IssueList;
			sourceTree = "<group>";
		};
		B5D4807B2861DF160069D16B /* Views */ = {
			isa = PBXGroup;
			children = (
				B5D4807E2861E38C0069D16B /* IssueListTableViewCell.swift */,
			);
			path = Views;
			sourceTree = "<group>";
		};
		B5D4809528633C370069D16B /* MockData */ = {
			isa = PBXGroup;
			children = (
				B50950BE28643D0500298AE3 /* authentication.json */,
				B5D48093286339260069D16B /* issues.json */,
				B5BBCB2A2867037000BA918E /* milestones.json */,
				B5BBCB2C286703AD00BA918E /* labels.json */,
				B5BBCB30286703DF00BA918E /* assignees.json */,
			);
			path = MockData;
			sourceTree = "<group>";
		};
		F8F8C31DF8B7A9379609A2C5 /* Pods */ = {
			isa = PBXGroup;
			children = (
				4327E441CDA89A2DE62CAF80 /* Pods-githubIssueManager.debug.xcconfig */,
				B1856AE6EB4395936E544F47 /* Pods-githubIssueManager.release.xcconfig */,
				76BC0807DF5B8DB2B8D89C60 /* Pods-githubIssueManager-githubIssueManagerUITests.debug.xcconfig */,
				73FBCB351132694C26143B8F /* Pods-githubIssueManager-githubIssueManagerUITests.release.xcconfig */,
				20B98927C2DED0DE2552CFDC /* Pods-githubIssueManagerTests.debug.xcconfig */,
				A08B76555F60011C279258CA /* Pods-githubIssueManagerTests.release.xcconfig */,
			);
			path = Pods;
			sourceTree = "<group>";
		};
/* End PBXGroup section */

/* Begin PBXNativeTarget section */
		B53CFC58285C23FB00C81EE3 /* githubIssueManager */ = {
			isa = PBXNativeTarget;
			buildConfigurationList = B53CFC83285C23FD00C81EE3 /* Build configuration list for PBXNativeTarget "githubIssueManager" */;
			buildPhases = (
				700C44E6D679C1524377EEB3 /* [CP] Check Pods Manifest.lock */,
				B53CFC55285C23FB00C81EE3 /* Sources */,
				B53CFC56285C23FB00C81EE3 /* Frameworks */,
				B53CFC57285C23FB00C81EE3 /* Resources */,
				C38FBD0ADC719AFE817073AB /* [CP] Embed Pods Frameworks */,
			);
			buildRules = (
			);
			dependencies = (
			);
			name = githubIssueManager;
			productName = githubIssueManager;
			productReference = B53CFC59285C23FB00C81EE3 /* githubIssueManager.app */;
			productType = "com.apple.product-type.application";
		};
		B53CFC6E285C23FD00C81EE3 /* githubIssueManagerTests */ = {
			isa = PBXNativeTarget;
			buildConfigurationList = B53CFC86285C23FD00C81EE3 /* Build configuration list for PBXNativeTarget "githubIssueManagerTests" */;
			buildPhases = (
				A6FCDBE4E844BBAB421C4093 /* [CP] Check Pods Manifest.lock */,
				B53CFC6B285C23FD00C81EE3 /* Sources */,
				B53CFC6C285C23FD00C81EE3 /* Frameworks */,
				B53CFC6D285C23FD00C81EE3 /* Resources */,
			);
			buildRules = (
			);
			dependencies = (
				B53CFC71285C23FD00C81EE3 /* PBXTargetDependency */,
			);
			name = githubIssueManagerTests;
			productName = githubIssueManagerTests;
			productReference = B53CFC6F285C23FD00C81EE3 /* githubIssueManagerTests.xctest */;
			productType = "com.apple.product-type.bundle.unit-test";
		};
		B53CFC78285C23FD00C81EE3 /* githubIssueManagerUITests */ = {
			isa = PBXNativeTarget;
			buildConfigurationList = B53CFC89285C23FD00C81EE3 /* Build configuration list for PBXNativeTarget "githubIssueManagerUITests" */;
			buildPhases = (
				9E088CA80260B14549B383BF /* [CP] Check Pods Manifest.lock */,
				B53CFC75285C23FD00C81EE3 /* Sources */,
				B53CFC76285C23FD00C81EE3 /* Frameworks */,
				B53CFC77285C23FD00C81EE3 /* Resources */,
				C33358140CD34439753C1203 /* [CP] Embed Pods Frameworks */,
			);
			buildRules = (
			);
			dependencies = (
				B53CFC7B285C23FD00C81EE3 /* PBXTargetDependency */,
			);
			name = githubIssueManagerUITests;
			productName = githubIssueManagerUITests;
			productReference = B53CFC79285C23FD00C81EE3 /* githubIssueManagerUITests.xctest */;
			productType = "com.apple.product-type.bundle.ui-testing";
		};
/* End PBXNativeTarget section */

/* Begin PBXProject section */
		B53CFC51285C23FB00C81EE3 /* Project object */ = {
			isa = PBXProject;
			attributes = {
				BuildIndependentTargetsInParallel = 1;
				LastSwiftUpdateCheck = 1340;
				LastUpgradeCheck = 1340;
				TargetAttributes = {
					B53CFC58285C23FB00C81EE3 = {
						CreatedOnToolsVersion = 13.4.1;
					};
					B53CFC6E285C23FD00C81EE3 = {
						CreatedOnToolsVersion = 13.4.1;
						TestTargetID = B53CFC58285C23FB00C81EE3;
					};
					B53CFC78285C23FD00C81EE3 = {
						CreatedOnToolsVersion = 13.4.1;
						TestTargetID = B53CFC58285C23FB00C81EE3;
					};
				};
			};
			buildConfigurationList = B53CFC54285C23FB00C81EE3 /* Build configuration list for PBXProject "githubIssueManager" */;
			compatibilityVersion = "Xcode 13.0";
			developmentRegion = en;
			hasScannedForEncodings = 0;
			knownRegions = (
				en,
				Base,
			);
			mainGroup = B53CFC50285C23FB00C81EE3;
			productRefGroup = B53CFC5A285C23FB00C81EE3 /* Products */;
			projectDirPath = "";
			projectRoot = "";
			targets = (
				B53CFC58285C23FB00C81EE3 /* githubIssueManager */,
				B53CFC6E285C23FD00C81EE3 /* githubIssueManagerTests */,
				B53CFC78285C23FD00C81EE3 /* githubIssueManagerUITests */,
			);
		};
/* End PBXProject section */

/* Begin PBXResourcesBuildPhase section */
		B53CFC57285C23FB00C81EE3 /* Resources */ = {
			isa = PBXResourcesBuildPhase;
			buildActionMask = 2147483647;
			files = (
				B5BBCB31286703DF00BA918E /* assignees.json in Resources */,
				B53CFCB3285DFB4C00C81EE3 /* GithubKeys.plist in Resources */,
				B5D48094286339260069D16B /* issues.json in Resources */,
				B53CFC69285C23FD00C81EE3 /* LaunchScreen.storyboard in Resources */,
				B5BBCB2D286703AD00BA918E /* labels.json in Resources */,
				B53CFC66285C23FD00C81EE3 /* Assets.xcassets in Resources */,
				B5BBCB2B2867037000BA918E /* milestones.json in Resources */,
				B50950BF28643D0500298AE3 /* authentication.json in Resources */,
			);
			runOnlyForDeploymentPostprocessing = 0;
		};
		B53CFC6D285C23FD00C81EE3 /* Resources */ = {
			isa = PBXResourcesBuildPhase;
			buildActionMask = 2147483647;
			files = (
			);
			runOnlyForDeploymentPostprocessing = 0;
		};
		B53CFC77285C23FD00C81EE3 /* Resources */ = {
			isa = PBXResourcesBuildPhase;
			buildActionMask = 2147483647;
			files = (
			);
			runOnlyForDeploymentPostprocessing = 0;
		};
/* End PBXResourcesBuildPhase section */

/* Begin PBXShellScriptBuildPhase section */
		700C44E6D679C1524377EEB3 /* [CP] Check Pods Manifest.lock */ = {
			isa = PBXShellScriptBuildPhase;
			buildActionMask = 2147483647;
			files = (
			);
			inputFileListPaths = (
			);
			inputPaths = (
				"${PODS_PODFILE_DIR_PATH}/Podfile.lock",
				"${PODS_ROOT}/Manifest.lock",
			);
			name = "[CP] Check Pods Manifest.lock";
			outputFileListPaths = (
			);
			outputPaths = (
				"$(DERIVED_FILE_DIR)/Pods-githubIssueManager-checkManifestLockResult.txt",
			);
			runOnlyForDeploymentPostprocessing = 0;
			shellPath = /bin/sh;
			shellScript = "diff \"${PODS_PODFILE_DIR_PATH}/Podfile.lock\" \"${PODS_ROOT}/Manifest.lock\" > /dev/null\nif [ $? != 0 ] ; then\n    # print error to STDERR\n    echo \"error: The sandbox is not in sync with the Podfile.lock. Run 'pod install' or update your CocoaPods installation.\" >&2\n    exit 1\nfi\n# This output is used by Xcode 'outputs' to avoid re-running this script phase.\necho \"SUCCESS\" > \"${SCRIPT_OUTPUT_FILE_0}\"\n";
			showEnvVarsInLog = 0;
		};
		9E088CA80260B14549B383BF /* [CP] Check Pods Manifest.lock */ = {
			isa = PBXShellScriptBuildPhase;
			buildActionMask = 2147483647;
			files = (
			);
			inputFileListPaths = (
			);
			inputPaths = (
				"${PODS_PODFILE_DIR_PATH}/Podfile.lock",
				"${PODS_ROOT}/Manifest.lock",
			);
			name = "[CP] Check Pods Manifest.lock";
			outputFileListPaths = (
			);
			outputPaths = (
				"$(DERIVED_FILE_DIR)/Pods-githubIssueManager-githubIssueManagerUITests-checkManifestLockResult.txt",
			);
			runOnlyForDeploymentPostprocessing = 0;
			shellPath = /bin/sh;
			shellScript = "diff \"${PODS_PODFILE_DIR_PATH}/Podfile.lock\" \"${PODS_ROOT}/Manifest.lock\" > /dev/null\nif [ $? != 0 ] ; then\n    # print error to STDERR\n    echo \"error: The sandbox is not in sync with the Podfile.lock. Run 'pod install' or update your CocoaPods installation.\" >&2\n    exit 1\nfi\n# This output is used by Xcode 'outputs' to avoid re-running this script phase.\necho \"SUCCESS\" > \"${SCRIPT_OUTPUT_FILE_0}\"\n";
			showEnvVarsInLog = 0;
		};
		A6FCDBE4E844BBAB421C4093 /* [CP] Check Pods Manifest.lock */ = {
			isa = PBXShellScriptBuildPhase;
			buildActionMask = 2147483647;
			files = (
			);
			inputFileListPaths = (
			);
			inputPaths = (
				"${PODS_PODFILE_DIR_PATH}/Podfile.lock",
				"${PODS_ROOT}/Manifest.lock",
			);
			name = "[CP] Check Pods Manifest.lock";
			outputFileListPaths = (
			);
			outputPaths = (
				"$(DERIVED_FILE_DIR)/Pods-githubIssueManagerTests-checkManifestLockResult.txt",
			);
			runOnlyForDeploymentPostprocessing = 0;
			shellPath = /bin/sh;
			shellScript = "diff \"${PODS_PODFILE_DIR_PATH}/Podfile.lock\" \"${PODS_ROOT}/Manifest.lock\" > /dev/null\nif [ $? != 0 ] ; then\n    # print error to STDERR\n    echo \"error: The sandbox is not in sync with the Podfile.lock. Run 'pod install' or update your CocoaPods installation.\" >&2\n    exit 1\nfi\n# This output is used by Xcode 'outputs' to avoid re-running this script phase.\necho \"SUCCESS\" > \"${SCRIPT_OUTPUT_FILE_0}\"\n";
			showEnvVarsInLog = 0;
		};
		C33358140CD34439753C1203 /* [CP] Embed Pods Frameworks */ = {
			isa = PBXShellScriptBuildPhase;
			buildActionMask = 2147483647;
			files = (
			);
			inputFileListPaths = (
				"${PODS_ROOT}/Target Support Files/Pods-githubIssueManager-githubIssueManagerUITests/Pods-githubIssueManager-githubIssueManagerUITests-frameworks-${CONFIGURATION}-input-files.xcfilelist",
			);
			name = "[CP] Embed Pods Frameworks";
			outputFileListPaths = (
				"${PODS_ROOT}/Target Support Files/Pods-githubIssueManager-githubIssueManagerUITests/Pods-githubIssueManager-githubIssueManagerUITests-frameworks-${CONFIGURATION}-output-files.xcfilelist",
			);
			runOnlyForDeploymentPostprocessing = 0;
			shellPath = /bin/sh;
			shellScript = "\"${PODS_ROOT}/Target Support Files/Pods-githubIssueManager-githubIssueManagerUITests/Pods-githubIssueManager-githubIssueManagerUITests-frameworks.sh\"\n";
			showEnvVarsInLog = 0;
		};
		C38FBD0ADC719AFE817073AB /* [CP] Embed Pods Frameworks */ = {
			isa = PBXShellScriptBuildPhase;
			buildActionMask = 2147483647;
			files = (
			);
			inputFileListPaths = (
				"${PODS_ROOT}/Target Support Files/Pods-githubIssueManager/Pods-githubIssueManager-frameworks-${CONFIGURATION}-input-files.xcfilelist",
			);
			name = "[CP] Embed Pods Frameworks";
			outputFileListPaths = (
				"${PODS_ROOT}/Target Support Files/Pods-githubIssueManager/Pods-githubIssueManager-frameworks-${CONFIGURATION}-output-files.xcfilelist",
			);
			runOnlyForDeploymentPostprocessing = 0;
			shellPath = /bin/sh;
			shellScript = "\"${PODS_ROOT}/Target Support Files/Pods-githubIssueManager/Pods-githubIssueManager-frameworks.sh\"\n";
			showEnvVarsInLog = 0;
		};
/* End PBXShellScriptBuildPhase section */

/* Begin PBXSourcesBuildPhase section */
		B53CFC55285C23FB00C81EE3 /* Sources */ = {
			isa = PBXSourcesBuildPhase;
			buildActionMask = 2147483647;
			files = (
				B5714E1F2866F83B00EB1A54 /* IssueInsertViewModel.swift in Sources */,
				B5BBCB4F28699A3D00BA918E /* LabelListViewController.swift in Sources */,
				B5BBCB632869F89800BA918E /* LabelInsertViewModel.swift in Sources */,
				B53CFCAE285DDEB500C81EE3 /* Path.swift in Sources */,
				B5D4807F2861E38D0069D16B /* IssueListTableViewCell.swift in Sources */,
				B5714E1D2865AF5B00EB1A54 /* IssueInsertForm.swift in Sources */,
				B503623C285F6A3500F82C4E /* MainCoordinator.swift in Sources */,
				B53CFCA6285D815900C81EE3 /* Observable.swift in Sources */,
				B5D480852861E5DE0069D16B /* TableViewDataSource.swift in Sources */,
				B53CFC9D285C6F1400C81EE3 /* NetworkManager.swift in Sources */,
				B5BBCB352867473C00BA918E /* AdditionalInfoViewController.swift in Sources */,
				B5BBCB4C2869985E00BA918E /* LabelCoordinator.swift in Sources */,
				B5BBCB5A2869C0C500BA918E /* PaddingLabel.swift in Sources */,
				B5D4808B2863107C0069D16B /* Milestone.swift in Sources */,
				B5BBCB662869FE8500BA918E /* LabelInsertForm.swift in Sources */,
				B53CFC92285C49B300C81EE3 /* Coordinator.swift in Sources */,
				B5D480812861E3BF0069D16B /* TableViewCell.swift in Sources */,
				B53CFCB0285DDECC00C81EE3 /* HttpMethod.swift in Sources */,
				B5BBCB39286748E800BA918E /* AdditionalInfoTableViewCellModel.swift in Sources */,
				B5BBCB292867017D00BA918E /* Assignee.swift in Sources */,
				B5714E1B2865ACEF00EB1A54 /* IssueInsertField.swift in Sources */,
				B5BBCB272867005D00BA918E /* Label.swift in Sources */,
				B5BBCB562869AC8600BA918E /* LabelListTableViewCellModel.swift in Sources */,
				B5BBCB542869AB9800BA918E /* LabelListViewModel.swift in Sources */,
				B53CFCAC285DDE2600C81EE3 /* NetworkManagable.swift in Sources */,
				B5BBCB582869B9F900BA918E /* LabelListRepository.swift in Sources */,
				B5BBCB452868C33700BA918E /* TextViewDelegate.swift in Sources */,
				B5714E1828655A1300EB1A54 /* IssueInsertViewController.swift in Sources */,
				B5D4807D2861DF9F0069D16B /* UIColor+Extension.swift in Sources */,
				B53CFCA8285D848E00C81EE3 /* LoginRepository.swift in Sources */,
				B5BBCB5C2869C19400BA918E /* String+Extension.swift in Sources */,
				B5036241285F833300F82C4E /* IssueCoordinator.swift in Sources */,
				B53CFC61285C23FB00C81EE3 /* LoginViewController.swift in Sources */,
				B53CFC96285C5A2200C81EE3 /* LoginCoordinator.swift in Sources */,
				B53CFC5D285C23FB00C81EE3 /* AppDelegate.swift in Sources */,
				B5BBCB472868CB3000BA918E /* UITextField+Extension.swift in Sources */,
				B5BBCB3D2867585600BA918E /* AdditionalInfoViewModel.swift in Sources */,
				B5BBCB68286A029400BA918E /* InsertField.swift in Sources */,
				B53CFCA4285C78A300C81EE3 /* UIControl+Extension.swift in Sources */,
				B5BBCB432868BAFD00BA918E /* IssueRequest.swift in Sources */,
				B5036233285E575A00F82C4E /* ObjectConverter.swift in Sources */,
				B5B7E7BE285E16EC0077E97D /* Bundle+Extension.swift in Sources */,
				B5BBCB3F286761C600BA918E /* TitleValuePossessible.swift in Sources */,
				B503623E285F6B6400F82C4E /* IssueListViewController.swift in Sources */,
				B53CFCA1285C757A00C81EE3 /* BasicViewModel.swift in Sources */,
				B5036243285F8A5B00F82C4E /* IssueListViewModel.swift in Sources */,
				B5BBCB612869F87B00BA918E /* LabelInsertViewController.swift in Sources */,
				B5036235285E5C3E00F82C4E /* DeepLinkeRouter.swift in Sources */,
				B5D4808928630E0E0069D16B /* Issue.swift in Sources */,
				B53CFCAA285DDD4000C81EE3 /* NetworkTarget.swift in Sources */,
				B53CFC94285C4CAA00C81EE3 /* CoordinatorFactory.swift in Sources */,
				B5BBCB522869A76A00BA918E /* LabelListTableViewCell.swift in Sources */,
				B5BBCB372867487F00BA918E /* AdditionalInfoTableViewCell.swift in Sources */,
				B53CFC5F285C23FB00C81EE3 /* SceneDelegate.swift in Sources */,
				B5714E212866F91300EB1A54 /* IssueInsertRepository.swift in Sources */,
				B5D48091286337E30069D16B /* MockNetworkManager.swift in Sources */,
				B53CFC90285C498700C81EE3 /* AppCoordinator.swift in Sources */,
				B5B7E7BC285E12630077E97D /* AuthRequest.swift in Sources */,
				B5D4808D286311050069D16B /* IssueListRepository.swift in Sources */,
				B53CFC99285C620100C81EE3 /* Logger.swift in Sources */,
				B5D4808F286327550069D16B /* UserDefault.swift in Sources */,
				B5036237285F674C00F82C4E /* AuthResponse.swift in Sources */,
				B53CFC9B285C6CEE00C81EE3 /* LoginViewModel.swift in Sources */,
				B5D480872861F6140069D16B /* IssueListTableViewCellModel.swift in Sources */,
			);
			runOnlyForDeploymentPostprocessing = 0;
		};
		B53CFC6B285C23FD00C81EE3 /* Sources */ = {
			isa = PBXSourcesBuildPhase;
			buildActionMask = 2147483647;
			files = (
				B5BBCB5E2869CA4600BA918E /* LabelListViewModelTest.swift in Sources */,
				B50950C12864403300298AE3 /* AuthenticationTest.swift in Sources */,
				B50950BD2864368700298AE3 /* LoginViewModelTest.swift in Sources */,
				B53CFC74285C23FD00C81EE3 /* IssueListViewModelTest.swift in Sources */,
				B5BBCB332867040800BA918E /* IssueInsertViewModelTest.swift in Sources */,
			);
			runOnlyForDeploymentPostprocessing = 0;
		};
		B53CFC75285C23FD00C81EE3 /* Sources */ = {
			isa = PBXSourcesBuildPhase;
			buildActionMask = 2147483647;
			files = (
				B53CFC7E285C23FD00C81EE3 /* githubIssueManagerUITests.swift in Sources */,
				B53CFC80285C23FD00C81EE3 /* githubIssueManagerUITestsLaunchTests.swift in Sources */,
			);
			runOnlyForDeploymentPostprocessing = 0;
		};
/* End PBXSourcesBuildPhase section */

/* Begin PBXTargetDependency section */
		B53CFC71285C23FD00C81EE3 /* PBXTargetDependency */ = {
			isa = PBXTargetDependency;
			target = B53CFC58285C23FB00C81EE3 /* githubIssueManager */;
			targetProxy = B53CFC70285C23FD00C81EE3 /* PBXContainerItemProxy */;
		};
		B53CFC7B285C23FD00C81EE3 /* PBXTargetDependency */ = {
			isa = PBXTargetDependency;
			target = B53CFC58285C23FB00C81EE3 /* githubIssueManager */;
			targetProxy = B53CFC7A285C23FD00C81EE3 /* PBXContainerItemProxy */;
		};
/* End PBXTargetDependency section */

/* Begin PBXVariantGroup section */
		B53CFC67285C23FD00C81EE3 /* LaunchScreen.storyboard */ = {
			isa = PBXVariantGroup;
			children = (
				B53CFC68285C23FD00C81EE3 /* Base */,
			);
			name = LaunchScreen.storyboard;
			sourceTree = "<group>";
		};
/* End PBXVariantGroup section */

/* Begin XCBuildConfiguration section */
		B53CFC81285C23FD00C81EE3 /* Debug */ = {
			isa = XCBuildConfiguration;
			buildSettings = {
				ALWAYS_SEARCH_USER_PATHS = NO;
				CLANG_ANALYZER_NONNULL = YES;
				CLANG_ANALYZER_NUMBER_OBJECT_CONVERSION = YES_AGGRESSIVE;
				CLANG_CXX_LANGUAGE_STANDARD = "gnu++17";
				CLANG_ENABLE_MODULES = YES;
				CLANG_ENABLE_OBJC_ARC = YES;
				CLANG_ENABLE_OBJC_WEAK = YES;
				CLANG_WARN_BLOCK_CAPTURE_AUTORELEASING = YES;
				CLANG_WARN_BOOL_CONVERSION = YES;
				CLANG_WARN_COMMA = YES;
				CLANG_WARN_CONSTANT_CONVERSION = YES;
				CLANG_WARN_DEPRECATED_OBJC_IMPLEMENTATIONS = YES;
				CLANG_WARN_DIRECT_OBJC_ISA_USAGE = YES_ERROR;
				CLANG_WARN_DOCUMENTATION_COMMENTS = YES;
				CLANG_WARN_EMPTY_BODY = YES;
				CLANG_WARN_ENUM_CONVERSION = YES;
				CLANG_WARN_INFINITE_RECURSION = YES;
				CLANG_WARN_INT_CONVERSION = YES;
				CLANG_WARN_NON_LITERAL_NULL_CONVERSION = YES;
				CLANG_WARN_OBJC_IMPLICIT_RETAIN_SELF = YES;
				CLANG_WARN_OBJC_LITERAL_CONVERSION = YES;
				CLANG_WARN_OBJC_ROOT_CLASS = YES_ERROR;
				CLANG_WARN_QUOTED_INCLUDE_IN_FRAMEWORK_HEADER = YES;
				CLANG_WARN_RANGE_LOOP_ANALYSIS = YES;
				CLANG_WARN_STRICT_PROTOTYPES = YES;
				CLANG_WARN_SUSPICIOUS_MOVE = YES;
				CLANG_WARN_UNGUARDED_AVAILABILITY = YES_AGGRESSIVE;
				CLANG_WARN_UNREACHABLE_CODE = YES;
				CLANG_WARN__DUPLICATE_METHOD_MATCH = YES;
				COPY_PHASE_STRIP = NO;
				DEBUG_INFORMATION_FORMAT = dwarf;
				ENABLE_STRICT_OBJC_MSGSEND = YES;
				ENABLE_TESTABILITY = YES;
				GCC_C_LANGUAGE_STANDARD = gnu11;
				GCC_DYNAMIC_NO_PIC = NO;
				GCC_NO_COMMON_BLOCKS = YES;
				GCC_OPTIMIZATION_LEVEL = 0;
				GCC_PREPROCESSOR_DEFINITIONS = (
					"DEBUG=1",
					"$(inherited)",
				);
				GCC_WARN_64_TO_32_BIT_CONVERSION = YES;
				GCC_WARN_ABOUT_RETURN_TYPE = YES_ERROR;
				GCC_WARN_UNDECLARED_SELECTOR = YES;
				GCC_WARN_UNINITIALIZED_AUTOS = YES_AGGRESSIVE;
				GCC_WARN_UNUSED_FUNCTION = YES;
				GCC_WARN_UNUSED_VARIABLE = YES;
				IPHONEOS_DEPLOYMENT_TARGET = 14.0;
				MTL_ENABLE_DEBUG_INFO = INCLUDE_SOURCE;
				MTL_FAST_MATH = YES;
				ONLY_ACTIVE_ARCH = YES;
				SDKROOT = iphoneos;
				SWIFT_ACTIVE_COMPILATION_CONDITIONS = DEBUG;
				SWIFT_OPTIMIZATION_LEVEL = "-Onone";
			};
			name = Debug;
		};
		B53CFC82285C23FD00C81EE3 /* Release */ = {
			isa = XCBuildConfiguration;
			buildSettings = {
				ALWAYS_SEARCH_USER_PATHS = NO;
				CLANG_ANALYZER_NONNULL = YES;
				CLANG_ANALYZER_NUMBER_OBJECT_CONVERSION = YES_AGGRESSIVE;
				CLANG_CXX_LANGUAGE_STANDARD = "gnu++17";
				CLANG_ENABLE_MODULES = YES;
				CLANG_ENABLE_OBJC_ARC = YES;
				CLANG_ENABLE_OBJC_WEAK = YES;
				CLANG_WARN_BLOCK_CAPTURE_AUTORELEASING = YES;
				CLANG_WARN_BOOL_CONVERSION = YES;
				CLANG_WARN_COMMA = YES;
				CLANG_WARN_CONSTANT_CONVERSION = YES;
				CLANG_WARN_DEPRECATED_OBJC_IMPLEMENTATIONS = YES;
				CLANG_WARN_DIRECT_OBJC_ISA_USAGE = YES_ERROR;
				CLANG_WARN_DOCUMENTATION_COMMENTS = YES;
				CLANG_WARN_EMPTY_BODY = YES;
				CLANG_WARN_ENUM_CONVERSION = YES;
				CLANG_WARN_INFINITE_RECURSION = YES;
				CLANG_WARN_INT_CONVERSION = YES;
				CLANG_WARN_NON_LITERAL_NULL_CONVERSION = YES;
				CLANG_WARN_OBJC_IMPLICIT_RETAIN_SELF = YES;
				CLANG_WARN_OBJC_LITERAL_CONVERSION = YES;
				CLANG_WARN_OBJC_ROOT_CLASS = YES_ERROR;
				CLANG_WARN_QUOTED_INCLUDE_IN_FRAMEWORK_HEADER = YES;
				CLANG_WARN_RANGE_LOOP_ANALYSIS = YES;
				CLANG_WARN_STRICT_PROTOTYPES = YES;
				CLANG_WARN_SUSPICIOUS_MOVE = YES;
				CLANG_WARN_UNGUARDED_AVAILABILITY = YES_AGGRESSIVE;
				CLANG_WARN_UNREACHABLE_CODE = YES;
				CLANG_WARN__DUPLICATE_METHOD_MATCH = YES;
				COPY_PHASE_STRIP = NO;
				DEBUG_INFORMATION_FORMAT = "dwarf-with-dsym";
				ENABLE_NS_ASSERTIONS = NO;
				ENABLE_STRICT_OBJC_MSGSEND = YES;
				GCC_C_LANGUAGE_STANDARD = gnu11;
				GCC_NO_COMMON_BLOCKS = YES;
				GCC_WARN_64_TO_32_BIT_CONVERSION = YES;
				GCC_WARN_ABOUT_RETURN_TYPE = YES_ERROR;
				GCC_WARN_UNDECLARED_SELECTOR = YES;
				GCC_WARN_UNINITIALIZED_AUTOS = YES_AGGRESSIVE;
				GCC_WARN_UNUSED_FUNCTION = YES;
				GCC_WARN_UNUSED_VARIABLE = YES;
				IPHONEOS_DEPLOYMENT_TARGET = 14.0;
				MTL_ENABLE_DEBUG_INFO = NO;
				MTL_FAST_MATH = YES;
				SDKROOT = iphoneos;
				SWIFT_COMPILATION_MODE = wholemodule;
				SWIFT_OPTIMIZATION_LEVEL = "-O";
				VALIDATE_PRODUCT = YES;
			};
			name = Release;
		};
		B53CFC84285C23FD00C81EE3 /* Debug */ = {
			isa = XCBuildConfiguration;
			baseConfigurationReference = 4327E441CDA89A2DE62CAF80 /* Pods-githubIssueManager.debug.xcconfig */;
			buildSettings = {
				ASSETCATALOG_COMPILER_APPICON_NAME = AppIcon;
				ASSETCATALOG_COMPILER_GLOBAL_ACCENT_COLOR_NAME = AccentColor;
				CODE_SIGN_STYLE = Automatic;
				CURRENT_PROJECT_VERSION = 1;
				DEVELOPMENT_TEAM = B3PWYBKFUK;
				GENERATE_INFOPLIST_FILE = YES;
				INFOPLIST_FILE = githubIssueManager/Info.plist;
				INFOPLIST_KEY_CFBundleDisplayName = githubIssueManager;
				INFOPLIST_KEY_UIApplicationSupportsIndirectInputEvents = YES;
				INFOPLIST_KEY_UILaunchStoryboardName = LaunchScreen;
				INFOPLIST_KEY_UISupportedInterfaceOrientations_iPad = "UIInterfaceOrientationPortrait UIInterfaceOrientationPortraitUpsideDown UIInterfaceOrientationLandscapeLeft UIInterfaceOrientationLandscapeRight";
				INFOPLIST_KEY_UISupportedInterfaceOrientations_iPhone = "UIInterfaceOrientationPortrait UIInterfaceOrientationLandscapeLeft UIInterfaceOrientationLandscapeRight";
				LD_RUNPATH_SEARCH_PATHS = (
					"$(inherited)",
					"@executable_path/Frameworks",
				);
				MARKETING_VERSION = 1.0;
				PRODUCT_BUNDLE_IDENTIFIER = com.junu.githubIssueManager;
				PRODUCT_NAME = "$(TARGET_NAME)";
				SWIFT_EMIT_LOC_STRINGS = YES;
				SWIFT_VERSION = 5.0;
				TARGETED_DEVICE_FAMILY = "1,2";
			};
			name = Debug;
		};
		B53CFC85285C23FD00C81EE3 /* Release */ = {
			isa = XCBuildConfiguration;
			baseConfigurationReference = B1856AE6EB4395936E544F47 /* Pods-githubIssueManager.release.xcconfig */;
			buildSettings = {
				ASSETCATALOG_COMPILER_APPICON_NAME = AppIcon;
				ASSETCATALOG_COMPILER_GLOBAL_ACCENT_COLOR_NAME = AccentColor;
				CODE_SIGN_STYLE = Automatic;
				CURRENT_PROJECT_VERSION = 1;
				DEVELOPMENT_TEAM = B3PWYBKFUK;
				GENERATE_INFOPLIST_FILE = YES;
				INFOPLIST_FILE = githubIssueManager/Info.plist;
				INFOPLIST_KEY_CFBundleDisplayName = githubIssueManager;
				INFOPLIST_KEY_UIApplicationSupportsIndirectInputEvents = YES;
				INFOPLIST_KEY_UILaunchStoryboardName = LaunchScreen;
				INFOPLIST_KEY_UISupportedInterfaceOrientations_iPad = "UIInterfaceOrientationPortrait UIInterfaceOrientationPortraitUpsideDown UIInterfaceOrientationLandscapeLeft UIInterfaceOrientationLandscapeRight";
				INFOPLIST_KEY_UISupportedInterfaceOrientations_iPhone = "UIInterfaceOrientationPortrait UIInterfaceOrientationLandscapeLeft UIInterfaceOrientationLandscapeRight";
				LD_RUNPATH_SEARCH_PATHS = (
					"$(inherited)",
					"@executable_path/Frameworks",
				);
				MARKETING_VERSION = 1.0;
				PRODUCT_BUNDLE_IDENTIFIER = com.junu.githubIssueManager;
				PRODUCT_NAME = "$(TARGET_NAME)";
				SWIFT_EMIT_LOC_STRINGS = YES;
				SWIFT_VERSION = 5.0;
				TARGETED_DEVICE_FAMILY = "1,2";
			};
			name = Release;
		};
		B53CFC87285C23FD00C81EE3 /* Debug */ = {
			isa = XCBuildConfiguration;
			baseConfigurationReference = 20B98927C2DED0DE2552CFDC /* Pods-githubIssueManagerTests.debug.xcconfig */;
			buildSettings = {
				ALWAYS_EMBED_SWIFT_STANDARD_LIBRARIES = YES;
				BUNDLE_LOADER = "$(TEST_HOST)";
				CODE_SIGN_STYLE = Automatic;
				CURRENT_PROJECT_VERSION = 1;
				DEVELOPMENT_TEAM = B3PWYBKFUK;
				GENERATE_INFOPLIST_FILE = YES;
				IPHONEOS_DEPLOYMENT_TARGET = 15.5;
				MARKETING_VERSION = 1.0;
				PRODUCT_BUNDLE_IDENTIFIER = com.junu.githubIssueManagerTests;
				PRODUCT_NAME = "$(TARGET_NAME)";
				SWIFT_EMIT_LOC_STRINGS = NO;
				SWIFT_VERSION = 5.0;
				TARGETED_DEVICE_FAMILY = "1,2";
				TEST_HOST = "$(BUILT_PRODUCTS_DIR)/githubIssueManager.app/githubIssueManager";
			};
			name = Debug;
		};
		B53CFC88285C23FD00C81EE3 /* Release */ = {
			isa = XCBuildConfiguration;
			baseConfigurationReference = A08B76555F60011C279258CA /* Pods-githubIssueManagerTests.release.xcconfig */;
			buildSettings = {
				ALWAYS_EMBED_SWIFT_STANDARD_LIBRARIES = YES;
				BUNDLE_LOADER = "$(TEST_HOST)";
				CODE_SIGN_STYLE = Automatic;
				CURRENT_PROJECT_VERSION = 1;
				DEVELOPMENT_TEAM = B3PWYBKFUK;
				GENERATE_INFOPLIST_FILE = YES;
				IPHONEOS_DEPLOYMENT_TARGET = 15.5;
				MARKETING_VERSION = 1.0;
				PRODUCT_BUNDLE_IDENTIFIER = com.junu.githubIssueManagerTests;
				PRODUCT_NAME = "$(TARGET_NAME)";
				SWIFT_EMIT_LOC_STRINGS = NO;
				SWIFT_VERSION = 5.0;
				TARGETED_DEVICE_FAMILY = "1,2";
				TEST_HOST = "$(BUILT_PRODUCTS_DIR)/githubIssueManager.app/githubIssueManager";
			};
			name = Release;
		};
		B53CFC8A285C23FD00C81EE3 /* Debug */ = {
			isa = XCBuildConfiguration;
			baseConfigurationReference = 76BC0807DF5B8DB2B8D89C60 /* Pods-githubIssueManager-githubIssueManagerUITests.debug.xcconfig */;
			buildSettings = {
				ALWAYS_EMBED_SWIFT_STANDARD_LIBRARIES = YES;
				CODE_SIGN_STYLE = Automatic;
				CURRENT_PROJECT_VERSION = 1;
				DEVELOPMENT_TEAM = B3PWYBKFUK;
				GENERATE_INFOPLIST_FILE = YES;
				MARKETING_VERSION = 1.0;
				PRODUCT_BUNDLE_IDENTIFIER = com.junu.githubIssueManagerUITests;
				PRODUCT_NAME = "$(TARGET_NAME)";
				SWIFT_EMIT_LOC_STRINGS = NO;
				SWIFT_VERSION = 5.0;
				TARGETED_DEVICE_FAMILY = "1,2";
				TEST_TARGET_NAME = githubIssueManager;
			};
			name = Debug;
		};
		B53CFC8B285C23FD00C81EE3 /* Release */ = {
			isa = XCBuildConfiguration;
			baseConfigurationReference = 73FBCB351132694C26143B8F /* Pods-githubIssueManager-githubIssueManagerUITests.release.xcconfig */;
			buildSettings = {
				ALWAYS_EMBED_SWIFT_STANDARD_LIBRARIES = YES;
				CODE_SIGN_STYLE = Automatic;
				CURRENT_PROJECT_VERSION = 1;
				DEVELOPMENT_TEAM = B3PWYBKFUK;
				GENERATE_INFOPLIST_FILE = YES;
				MARKETING_VERSION = 1.0;
				PRODUCT_BUNDLE_IDENTIFIER = com.junu.githubIssueManagerUITests;
				PRODUCT_NAME = "$(TARGET_NAME)";
				SWIFT_EMIT_LOC_STRINGS = NO;
				SWIFT_VERSION = 5.0;
				TARGETED_DEVICE_FAMILY = "1,2";
				TEST_TARGET_NAME = githubIssueManager;
			};
			name = Release;
		};
/* End XCBuildConfiguration section */

/* Begin XCConfigurationList section */
		B53CFC54285C23FB00C81EE3 /* Build configuration list for PBXProject "githubIssueManager" */ = {
			isa = XCConfigurationList;
			buildConfigurations = (
				B53CFC81285C23FD00C81EE3 /* Debug */,
				B53CFC82285C23FD00C81EE3 /* Release */,
			);
			defaultConfigurationIsVisible = 0;
			defaultConfigurationName = Release;
		};
		B53CFC83285C23FD00C81EE3 /* Build configuration list for PBXNativeTarget "githubIssueManager" */ = {
			isa = XCConfigurationList;
			buildConfigurations = (
				B53CFC84285C23FD00C81EE3 /* Debug */,
				B53CFC85285C23FD00C81EE3 /* Release */,
			);
			defaultConfigurationIsVisible = 0;
			defaultConfigurationName = Release;
		};
		B53CFC86285C23FD00C81EE3 /* Build configuration list for PBXNativeTarget "githubIssueManagerTests" */ = {
			isa = XCConfigurationList;
			buildConfigurations = (
				B53CFC87285C23FD00C81EE3 /* Debug */,
				B53CFC88285C23FD00C81EE3 /* Release */,
			);
			defaultConfigurationIsVisible = 0;
			defaultConfigurationName = Release;
		};
		B53CFC89285C23FD00C81EE3 /* Build configuration list for PBXNativeTarget "githubIssueManagerUITests" */ = {
			isa = XCConfigurationList;
			buildConfigurations = (
				B53CFC8A285C23FD00C81EE3 /* Debug */,
				B53CFC8B285C23FD00C81EE3 /* Release */,
			);
			defaultConfigurationIsVisible = 0;
			defaultConfigurationName = Release;
		};
/* End XCConfigurationList section */
	};
	rootObject = B53CFC51285C23FB00C81EE3 /* Project object */;
}
